
Microsoft Visual Studio Solution File, Format Version 12.00
# Visual Studio Version 17
VisualStudioVersion = 17.11.35222.181
MinimumVisualStudioVersion = 10.0.40219.1
Project("{2150E333-8FDC-42A3-9474-1A3956D46DE8}") = "src", "src", "{29D71E6C-009B-4233-A775-FF01EC965932}"
EndProject
Project("{FAE04EC0-301F-11D3-BF4B-00C04F79EFBC}") = "FTPSearch.API", "FTPSearch.API\FTPSearch.API.csproj", "{3DD0C055-999C-4E7D-9855-EFF98E18E916}"
EndProject
Project("{2150E333-8FDC-42A3-9474-1A3956D46DE8}") = "Solution Items", "Solution Items", "{E81F8EFE-FD10-47EA-AFAF-003212A268C3}"
	ProjectSection(SolutionItems) = preProject
		compose.yaml = compose.yaml
	EndProjectSection
EndProject
Global
	GlobalSection(SolutionProperties) = preSolution
		HideSolutionNode = FALSE
	EndGlobalSection
	GlobalSection(ExtensibilityGlobals) = postSolution
		SolutionGuid = {E80F2F1B-F3AB-4300-910D-C077B0FE9FD8}
	EndGlobalSection
	GlobalSection(NestedProjects) = preSolution
		{3DD0C055-999C-4E7D-9855-EFF98E18E916} = {29D71E6C-009B-4233-A775-FF01EC965932}
	EndGlobalSection
	GlobalSection(ProjectConfigurationPlatforms) = postSolution
		{3DD0C055-999C-4E7D-9855-EFF98E18E916}.Debug|Any CPU.ActiveCfg = Debug|Any CPU
		{3DD0C055-999C-4E7D-9855-EFF98E18E916}.Debug|Any CPU.Build.0 = Debug|Any CPU
		{3DD0C055-999C-4E7D-9855-EFF98E18E916}.Release|Any CPU.ActiveCfg = Release|Any CPU
		{3DD0C055-999C-4E7D-9855-EFF98E18E916}.Release|Any CPU.Build.0 = Release|Any CPU
	EndGlobalSection
	GlobalSection(SolutionConfigurationPlatforms) = preSolution
		Debug|Any CPU = Debug|Any CPU
		Release|Any CPU = Release|Any CPU
	EndGlobalSection
EndGlobal
